// !$*UTF8*$!
{
	archiveVersion = 1;
	classes = {
	};
	objectVersion = 50;
	objects = {

/* Begin PBXBuildFile section */
		26AD74C92688393A0097B9B9 /* AppDelegate.swift in Sources */ = {isa = PBXBuildFile; fileRef = 26AD74C82688393A0097B9B9 /* AppDelegate.swift */; };
		26AD74CB2688393A0097B9B9 /* SceneDelegate.swift in Sources */ = {isa = PBXBuildFile; fileRef = 26AD74CA2688393A0097B9B9 /* SceneDelegate.swift */; };
		26AD74CD2688393A0097B9B9 /* ContentView.swift in Sources */ = {isa = PBXBuildFile; fileRef = 26AD74CC2688393A0097B9B9 /* ContentView.swift */; };
		26AD74CF2688393C0097B9B9 /* Assets.xcassets in Resources */ = {isa = PBXBuildFile; fileRef = 26AD74CE2688393C0097B9B9 /* Assets.xcassets */; };
		26AD74D22688393C0097B9B9 /* Preview Assets.xcassets in Resources */ = {isa = PBXBuildFile; fileRef = 26AD74D12688393C0097B9B9 /* Preview Assets.xcassets */; };
		26AD74D52688393C0097B9B9 /* LaunchScreen.storyboard in Resources */ = {isa = PBXBuildFile; fileRef = 26AD74D32688393C0097B9B9 /* LaunchScreen.storyboard */; };
		26AD74E02688393C0097B9B9 /* swiftui_webview_demoTests.swift in Sources */ = {isa = PBXBuildFile; fileRef = 26AD74DF2688393C0097B9B9 /* swiftui_webview_demoTests.swift */; };
		26AD74EB2688393C0097B9B9 /* swiftui_webview_demoUITests.swift in Sources */ = {isa = PBXBuildFile; fileRef = 26AD74EA2688393C0097B9B9 /* swiftui_webview_demoUITests.swift */; };
/* End PBXBuildFile section */

/* Begin PBXContainerItemProxy section */
		26AD74DC2688393C0097B9B9 /* PBXContainerItemProxy */ = {
			isa = PBXContainerItemProxy;
			containerPortal = 26AD74BD268839390097B9B9 /* Project object */;
			proxyType = 1;
			remoteGlobalIDString = 26AD74C4268839390097B9B9;
			remoteInfo = "swiftui-webview-demo";
		};
		26AD74E72688393C0097B9B9 /* PBXContainerItemProxy */ = {
			isa = PBXContainerItemProxy;
			containerPortal = 26AD74BD268839390097B9B9 /* Project object */;
			proxyType = 1;
			remoteGlobalIDString = 26AD74C4268839390097B9B9;
			remoteInfo = "swiftui-webview-demo";
		};
/* End PBXContainerItemProxy section */

/* Begin PBXFileReference section */
		26AD74C5268839390097B9B9 /* swiftui-webview-demo.app */ = {isa = PBXFileReference; explicitFileType = wrapper.application; includeInIndex = 0; path = "swiftui-webview-demo.app"; sourceTree = BUILT_PRODUCTS_DIR; };
		26AD74C82688393A0097B9B9 /* AppDelegate.swift */ = {isa = PBXFileReference; lastKnownFileType = sourcecode.swift; path = AppDelegate.swift; sourceTree = "<group>"; };
		26AD74CA2688393A0097B9B9 /* SceneDelegate.swift */ = {isa = PBXFileReference; lastKnownFileType = sourcecode.swift; path = SceneDelegate.swift; sourceTree = "<group>"; };
		26AD74CC2688393A0097B9B9 /* ContentView.swift */ = {isa = PBXFileReference; lastKnownFileType = sourcecode.swift; path = ContentView.swift; sourceTree = "<group>"; };
		26AD74CE2688393C0097B9B9 /* Assets.xcassets */ = {isa = PBXFileReference; lastKnownFileType = folder.assetcatalog; path = Assets.xcassets; sourceTree = "<group>"; };
		26AD74D12688393C0097B9B9 /* Preview Assets.xcassets */ = {isa = PBXFileReference; lastKnownFileType = folder.assetcatalog; path = "Preview Assets.xcassets"; sourceTree = "<group>"; };
		26AD74D42688393C0097B9B9 /* Base */ = {isa = PBXFileReference; lastKnownFileType = file.storyboard; name = Base; path = Base.lproj/LaunchScreen.storyboard; sourceTree = "<group>"; };
		26AD74D62688393C0097B9B9 /* Info.plist */ = {isa = PBXFileReference; lastKnownFileType = text.plist.xml; path = Info.plist; sourceTree = "<group>"; };
		26AD74DB2688393C0097B9B9 /* swiftui-webview-demoTests.xctest */ = {isa = PBXFileReference; explicitFileType = wrapper.cfbundle; includeInIndex = 0; path = "swiftui-webview-demoTests.xctest"; sourceTree = BUILT_PRODUCTS_DIR; };
		26AD74DF2688393C0097B9B9 /* swiftui_webview_demoTests.swift */ = {isa = PBXFileReference; lastKnownFileType = sourcecode.swift; path = swiftui_webview_demoTests.swift; sourceTree = "<group>"; };
		26AD74E12688393C0097B9B9 /* Info.plist */ = {isa = PBXFileReference; lastKnownFileType = text.plist.xml; path = Info.plist; sourceTree = "<group>"; };
		26AD74E62688393C0097B9B9 /* swiftui-webview-demoUITests.xctest */ = {isa = PBXFileReference; explicitFileType = wrapper.cfbundle; includeInIndex = 0; path = "swiftui-webview-demoUITests.xctest"; sourceTree = BUILT_PRODUCTS_DIR; };
		26AD74EA2688393C0097B9B9 /* swiftui_webview_demoUITests.swift */ = {isa = PBXFileReference; lastKnownFileType = sourcecode.swift; path = swiftui_webview_demoUITests.swift; sourceTree = "<group>"; };
		26AD74EC2688393C0097B9B9 /* Info.plist */ = {isa = PBXFileReference; lastKnownFileType = text.plist.xml; path = Info.plist; sourceTree = "<group>"; };
/* End PBXFileReference section */

/* Begin PBXFrameworksBuildPhase section */
		26AD74C2268839390097B9B9 /* Frameworks */ = {
			isa = PBXFrameworksBuildPhase;
			buildActionMask = 2147483647;
			files = (
			);
			runOnlyForDeploymentPostprocessing = 0;
		};
		26AD74D82688393C0097B9B9 /* Frameworks */ = {
			isa = PBXFrameworksBuildPhase;
			buildActionMask = 2147483647;
			files = (
			);
			runOnlyForDeploymentPostprocessing = 0;
		};
		26AD74E32688393C0097B9B9 /* Frameworks */ = {
			isa = PBXFrameworksBuildPhase;
			buildActionMask = 2147483647;
			files = (
			);
			runOnlyForDeploymentPostprocessing = 0;
		};
/* End PBXFrameworksBuildPhase section */

/* Begin PBXGroup section */
		26AD74BC268839390097B9B9 = {
			isa = PBXGroup;
			children = (
				26AD74C7268839390097B9B9 /* swiftui-webview-demo */,
				26AD74DE2688393C0097B9B9 /* swiftui-webview-demoTests */,
				26AD74E92688393C0097B9B9 /* swiftui-webview-demoUITests */,
				26AD74C6268839390097B9B9 /* Products */,
			);
			sourceTree = "<group>";
		};
		26AD74C6268839390097B9B9 /* Products */ = {
			isa = PBXGroup;
			children = (
				26AD74C5268839390097B9B9 /* swiftui-webview-demo.app */,
				26AD74DB2688393C0097B9B9 /* swiftui-webview-demoTests.xctest */,
				26AD74E62688393C0097B9B9 /* swiftui-webview-demoUITests.xctest */,
			);
			name = Products;
			sourceTree = "<group>";
		};
		26AD74C7268839390097B9B9 /* swiftui-webview-demo */ = {
			isa = PBXGroup;
			children = (
				26AD74C82688393A0097B9B9 /* AppDelegate.swift */,
				26AD74CA2688393A0097B9B9 /* SceneDelegate.swift */,
				26AD74CC2688393A0097B9B9 /* ContentView.swift */,
				26AD74CE2688393C0097B9B9 /* Assets.xcassets */,
				26AD74D32688393C0097B9B9 /* LaunchScreen.storyboard */,
				26AD74D62688393C0097B9B9 /* Info.plist */,
				26AD74D02688393C0097B9B9 /* Preview Content */,
			);
			path = "swiftui-webview-demo";
			sourceTree = "<group>";
		};
		26AD74D02688393C0097B9B9 /* Preview Content */ = {
			isa = PBXGroup;
			children = (
				26AD74D12688393C0097B9B9 /* Preview Assets.xcassets */,
			);
			path = "Preview Content";
			sourceTree = "<group>";
		};
		26AD74DE2688393C0097B9B9 /* swiftui-webview-demoTests */ = {
			isa = PBXGroup;
			children = (
				26AD74DF2688393C0097B9B9 /* swiftui_webview_demoTests.swift */,
				26AD74E12688393C0097B9B9 /* Info.plist */,
			);
			path = "swiftui-webview-demoTests";
			sourceTree = "<group>";
		};
		26AD74E92688393C0097B9B9 /* swiftui-webview-demoUITests */ = {
			isa = PBXGroup;
			children = (
				26AD74EA2688393C0097B9B9 /* swiftui_webview_demoUITests.swift */,
				26AD74EC2688393C0097B9B9 /* Info.plist */,
			);
			path = "swiftui-webview-demoUITests";
			sourceTree = "<group>";
		};
/* End PBXGroup section */

/* Begin PBXNativeTarget section */
		26AD74C4268839390097B9B9 /* swiftui-webview-demo */ = {
			isa = PBXNativeTarget;
			buildConfigurationList = 26AD74EF2688393C0097B9B9 /* Build configuration list for PBXNativeTarget "swiftui-webview-demo" */;
			buildPhases = (
				26AD74C1268839390097B9B9 /* Sources */,
				26AD74C2268839390097B9B9 /* Frameworks */,
				26AD74C3268839390097B9B9 /* Resources */,
			);
			buildRules = (
			);
			dependencies = (
			);
			name = "swiftui-webview-demo";
			productName = "swiftui-webview-demo";
			productReference = 26AD74C5268839390097B9B9 /* swiftui-webview-demo.app */;
			productType = "com.apple.product-type.application";
		};
		26AD74DA2688393C0097B9B9 /* swiftui-webview-demoTests */ = {
			isa = PBXNativeTarget;
			buildConfigurationList = 26AD74F22688393C0097B9B9 /* Build configuration list for PBXNativeTarget "swiftui-webview-demoTests" */;
			buildPhases = (
				26AD74D72688393C0097B9B9 /* Sources */,
				26AD74D82688393C0097B9B9 /* Frameworks */,
				26AD74D92688393C0097B9B9 /* Resources */,
			);
			buildRules = (
			);
			dependencies = (
				26AD74DD2688393C0097B9B9 /* PBXTargetDependency */,
			);
			name = "swiftui-webview-demoTests";
			productName = "swiftui-webview-demoTests";
			productReference = 26AD74DB2688393C0097B9B9 /* swiftui-webview-demoTests.xctest */;
			productType = "com.apple.product-type.bundle.unit-test";
		};
		26AD74E52688393C0097B9B9 /* swiftui-webview-demoUITests */ = {
			isa = PBXNativeTarget;
			buildConfigurationList = 26AD74F52688393C0097B9B9 /* Build configuration list for PBXNativeTarget "swiftui-webview-demoUITests" */;
			buildPhases = (
				26AD74E22688393C0097B9B9 /* Sources */,
				26AD74E32688393C0097B9B9 /* Frameworks */,
				26AD74E42688393C0097B9B9 /* Resources */,
			);
			buildRules = (
			);
			dependencies = (
				26AD74E82688393C0097B9B9 /* PBXTargetDependency */,
			);
			name = "swiftui-webview-demoUITests";
			productName = "swiftui-webview-demoUITests";
			productReference = 26AD74E62688393C0097B9B9 /* swiftui-webview-demoUITests.xctest */;
			productType = "com.apple.product-type.bundle.ui-testing";
		};
/* End PBXNativeTarget section */

/* Begin PBXProject section */
		26AD74BD268839390097B9B9 /* Project object */ = {
			isa = PBXProject;
			attributes = {
				LastSwiftUpdateCheck = 1250;
				LastUpgradeCheck = 1250;
				TargetAttributes = {
					26AD74C4268839390097B9B9 = {
						CreatedOnToolsVersion = 12.5.1;
					};
					26AD74DA2688393C0097B9B9 = {
						CreatedOnToolsVersion = 12.5.1;
						TestTargetID = 26AD74C4268839390097B9B9;
					};
					26AD74E52688393C0097B9B9 = {
						CreatedOnToolsVersion = 12.5.1;
						TestTargetID = 26AD74C4268839390097B9B9;
					};
				};
			};
			buildConfigurationList = 26AD74C0268839390097B9B9 /* Build configuration list for PBXProject "swiftui-webview-demo" */;
			compatibilityVersion = "Xcode 9.3";
			developmentRegion = en;
			hasScannedForEncodings = 0;
			knownRegions = (
				en,
				Base,
			);
			mainGroup = 26AD74BC268839390097B9B9;
			productRefGroup = 26AD74C6268839390097B9B9 /* Products */;
			projectDirPath = "";
			projectRoot = "";
			targets = (
				26AD74C4268839390097B9B9 /* swiftui-webview-demo */,
				26AD74DA2688393C0097B9B9 /* swiftui-webview-demoTests */,
				26AD74E52688393C0097B9B9 /* swiftui-webview-demoUITests */,
			);
		};
/* End PBXProject section */

/* Begin PBXResourcesBuildPhase section */
		26AD74C3268839390097B9B9 /* Resources */ = {
			isa = PBXResourcesBuildPhase;
			buildActionMask = 2147483647;
			files = (
				26AD74D52688393C0097B9B9 /* LaunchScreen.storyboard in Resources */,
				26AD74D22688393C0097B9B9 /* Preview Assets.xcassets in Resources */,
				26AD74CF2688393C0097B9B9 /* Assets.xcassets in Resources */,
			);
			runOnlyForDeploymentPostprocessing = 0;
		};
		26AD74D92688393C0097B9B9 /* Resources */ = {
			isa = PBXResourcesBuildPhase;
			buildActionMask = 2147483647;
			files = (
			);
			runOnlyForDeploymentPostprocessing = 0;
		};
		26AD74E42688393C0097B9B9 /* Resources */ = {
			isa = PBXResourcesBuildPhase;
			buildActionMask = 2147483647;
			files = (
			);
			runOnlyForDeploymentPostprocessing = 0;
		};
/* End PBXResourcesBuildPhase section */

/* Begin PBXSourcesBuildPhase section */
		26AD74C1268839390097B9B9 /* Sources */ = {
			isa = PBXSourcesBuildPhase;
			buildActionMask = 2147483647;
			files = (
				26AD74C92688393A0097B9B9 /* AppDelegate.swift in Sources */,
				26AD74CB2688393A0097B9B9 /* SceneDelegate.swift in Sources */,
				26AD74CD2688393A0097B9B9 /* ContentView.swift in Sources */,
			);
			runOnlyForDeploymentPostprocessing = 0;
		};
		26AD74D72688393C0097B9B9 /* Sources */ = {
			isa = PBXSourcesBuildPhase;
			buildActionMask = 2147483647;
			files = (
				26AD74E02688393C0097B9B9 /* swiftui_webview_demoTests.swift in Sources */,
			);
			runOnlyForDeploymentPostprocessing = 0;
		};
		26AD74E22688393C0097B9B9 /* Sources */ = {
			isa = PBXSourcesBuildPhase;
			buildActionMask = 2147483647;
			files = (
				26AD74EB2688393C0097B9B9 /* swiftui_webview_demoUITests.swift in Sources */,
			);
			runOnlyForDeploymentPostprocessing = 0;
		};
/* End PBXSourcesBuildPhase section */

/* Begin PBXTargetDependency section */
		26AD74DD2688393C0097B9B9 /* PBXTargetDependency */ = {
			isa = PBXTargetDependency;
			target = 26AD74C4268839390097B9B9 /* swiftui-webview-demo */;
			targetProxy = 26AD74DC2688393C0097B9B9 /* PBXContainerItemProxy */;
		};
		26AD74E82688393C0097B9B9 /* PBXTargetDependency */ = {
			isa = PBXTargetDependency;
			target = 26AD74C4268839390097B9B9 /* swiftui-webview-demo */;
			targetProxy = 26AD74E72688393C0097B9B9 /* PBXContainerItemProxy */;
		};
/* End PBXTargetDependency section */

/* Begin PBXVariantGroup section */
		26AD74D32688393C0097B9B9 /* LaunchScreen.storyboard */ = {
			isa = PBXVariantGroup;
			children = (
				26AD74D42688393C0097B9B9 /* Base */,
			);
			name = LaunchScreen.storyboard;
			sourceTree = "<group>";
		};
/* End PBXVariantGroup section */

/* Begin XCBuildConfiguration section */
		26AD74ED2688393C0097B9B9 /* Debug */ = {
			isa = XCBuildConfiguration;
			buildSettings = {
				ALWAYS_SEARCH_USER_PATHS = NO;
				CLANG_ANALYZER_NONNULL = YES;
				CLANG_ANALYZER_NUMBER_OBJECT_CONVERSION = YES_AGGRESSIVE;
				CLANG_CXX_LANGUAGE_STANDARD = "gnu++14";
				CLANG_CXX_LIBRARY = "libc++";
				CLANG_ENABLE_MODULES = YES;
				CLANG_ENABLE_OBJC_ARC = YES;
				CLANG_ENABLE_OBJC_WEAK = YES;
				CLANG_WARN_BLOCK_CAPTURE_AUTORELEASING = YES;
				CLANG_WARN_BOOL_CONVERSION = YES;
				CLANG_WARN_COMMA = YES;
				CLANG_WARN_CONSTANT_CONVERSION = YES;
				CLANG_WARN_DEPRECATED_OBJC_IMPLEMENTATIONS = YES;
				CLANG_WARN_DIRECT_OBJC_ISA_USAGE = YES_ERROR;
				CLANG_WARN_DOCUMENTATION_COMMENTS = YES;
				CLANG_WARN_EMPTY_BODY = YES;
				CLANG_WARN_ENUM_CONVERSION = YES;
				CLANG_WARN_INFINITE_RECURSION = YES;
				CLANG_WARN_INT_CONVERSION = YES;
				CLANG_WARN_NON_LITERAL_NULL_CONVERSION = YES;
				CLANG_WARN_OBJC_IMPLICIT_RETAIN_SELF = YES;
				CLANG_WARN_OBJC_LITERAL_CONVERSION = YES;
				CLANG_WARN_OBJC_ROOT_CLASS = YES_ERROR;
				CLANG_WARN_QUOTED_INCLUDE_IN_FRAMEWORK_HEADER = YES;
				CLANG_WARN_RANGE_LOOP_ANALYSIS = YES;
				CLANG_WARN_STRICT_PROTOTYPES = YES;
				CLANG_WARN_SUSPICIOUS_MOVE = YES;
				CLANG_WARN_UNGUARDED_AVAILABILITY = YES_AGGRESSIVE;
				CLANG_WARN_UNREACHABLE_CODE = YES;
				CLANG_WARN__DUPLICATE_METHOD_MATCH = YES;
				COPY_PHASE_STRIP = NO;
				DEBUG_INFORMATION_FORMAT = dwarf;
				ENABLE_STRICT_OBJC_MSGSEND = YES;
				ENABLE_TESTABILITY = YES;
				GCC_C_LANGUAGE_STANDARD = gnu11;
				GCC_DYNAMIC_NO_PIC = NO;
				GCC_NO_COMMON_BLOCKS = YES;
				GCC_OPTIMIZATION_LEVEL = 0;
				GCC_PREPROCESSOR_DEFINITIONS = (
					"DEBUG=1",
					"$(inherited)",
				);
				GCC_WARN_64_TO_32_BIT_CONVERSION = YES;
				GCC_WARN_ABOUT_RETURN_TYPE = YES_ERROR;
				GCC_WARN_UNDECLARED_SELECTOR = YES;
				GCC_WARN_UNINITIALIZED_AUTOS = YES_AGGRESSIVE;
				GCC_WARN_UNUSED_FUNCTION = YES;
				GCC_WARN_UNUSED_VARIABLE = YES;
				IPHONEOS_DEPLOYMENT_TARGET = 14.5;
				MTL_ENABLE_DEBUG_INFO = INCLUDE_SOURCE;
				MTL_FAST_MATH = YES;
				ONLY_ACTIVE_ARCH = YES;
				SDKROOT = iphoneos;
				SWIFT_ACTIVE_COMPILATION_CONDITIONS = DEBUG;
				SWIFT_OPTIMIZATION_LEVEL = "-Onone";
			};
			name = Debug;
		};
		26AD74EE2688393C0097B9B9 /* Release */ = {
			isa = XCBuildConfiguration;
			buildSettings = {
				ALWAYS_SEARCH_USER_PATHS = NO;
				CLANG_ANALYZER_NONNULL = YES;
				CLANG_ANALYZER_NUMBER_OBJECT_CONVERSION = YES_AGGRESSIVE;
				CLANG_CXX_LANGUAGE_STANDARD = "gnu++14";
				CLANG_CXX_LIBRARY = "libc++";
				CLANG_ENABLE_MODULES = YES;
				CLANG_ENABLE_OBJC_ARC = YES;
				CLANG_ENABLE_OBJC_WEAK = YES;
				CLANG_WARN_BLOCK_CAPTURE_AUTORELEASING = YES;
				CLANG_WARN_BOOL_CONVERSION = YES;
				CLANG_WARN_COMMA = YES;
				CLANG_WARN_CONSTANT_CONVERSION = YES;
				CLANG_WARN_DEPRECATED_OBJC_IMPLEMENTATIONS = YES;
				CLANG_WARN_DIRECT_OBJC_ISA_USAGE = YES_ERROR;
				CLANG_WARN_DOCUMENTATION_COMMENTS = YES;
				CLANG_WARN_EMPTY_BODY = YES;
				CLANG_WARN_ENUM_CONVERSION = YES;
				CLANG_WARN_INFINITE_RECURSION = YES;
				CLANG_WARN_INT_CONVERSION = YES;
				CLANG_WARN_NON_LITERAL_NULL_CONVERSION = YES;
				CLANG_WARN_OBJC_IMPLICIT_RETAIN_SELF = YES;
				CLANG_WARN_OBJC_LITERAL_CONVERSION = YES;
				CLANG_WARN_OBJC_ROOT_CLASS = YES_ERROR;
				CLANG_WARN_QUOTED_INCLUDE_IN_FRAMEWORK_HEADER = YES;
				CLANG_WARN_RANGE_LOOP_ANALYSIS = YES;
				CLANG_WARN_STRICT_PROTOTYPES = YES;
				CLANG_WARN_SUSPICIOUS_MOVE = YES;
				CLANG_WARN_UNGUARDED_AVAILABILITY = YES_AGGRESSIVE;
				CLANG_WARN_UNREACHABLE_CODE = YES;
				CLANG_WARN__DUPLICATE_METHOD_MATCH = YES;
				COPY_PHASE_STRIP = NO;
				DEBUG_INFORMATION_FORMAT = "dwarf-with-dsym";
				ENABLE_NS_ASSERTIONS = NO;
				ENABLE_STRICT_OBJC_MSGSEND = YES;
				GCC_C_LANGUAGE_STANDARD = gnu11;
				GCC_NO_COMMON_BLOCKS = YES;
				GCC_WARN_64_TO_32_BIT_CONVERSION = YES;
				GCC_WARN_ABOUT_RETURN_TYPE = YES_ERROR;
				GCC_WARN_UNDECLARED_SELECTOR = YES;
				GCC_WARN_UNINITIALIZED_AUTOS = YES_AGGRESSIVE;
				GCC_WARN_UNUSED_FUNCTION = YES;
				GCC_WARN_UNUSED_VARIABLE = YES;
				IPHONEOS_DEPLOYMENT_TARGET = 14.5;
				MTL_ENABLE_DEBUG_INFO = NO;
				MTL_FAST_MATH = YES;
				SDKROOT = iphoneos;
				SWIFT_COMPILATION_MODE = wholemodule;
				SWIFT_OPTIMIZATION_LEVEL = "-O";
				VALIDATE_PRODUCT = YES;
			};
			name = Release;
		};
		26AD74F02688393C0097B9B9 /* Debug */ = {
			isa = XCBuildConfiguration;
			buildSettings = {
				ASSETCATALOG_COMPILER_APPICON_NAME = AppIcon;
				ASSETCATALOG_COMPILER_GLOBAL_ACCENT_COLOR_NAME = AccentColor;
				CODE_SIGN_STYLE = Automatic;
				DEVELOPMENT_ASSET_PATHS = "\"swiftui-webview-demo/Preview Content\"";
				ENABLE_PREVIEWS = YES;
				INFOPLIST_FILE = "swiftui-webview-demo/Info.plist";
				LD_RUNPATH_SEARCH_PATHS = (
					"$(inherited)",
					"@executable_path/Frameworks",
				);
				PRODUCT_BUNDLE_IDENTIFIER = "com.sokada.swiftui-webview-demo";
				PRODUCT_NAME = "$(TARGET_NAME)";
				SWIFT_VERSION = 5.0;
				TARGETED_DEVICE_FAMILY = "1,2";
			};
			name = Debug;
		};
		26AD74F12688393C0097B9B9 /* Release */ = {
			isa = XCBuildConfiguration;
			buildSettings = {
				ASSETCATALOG_COMPILER_APPICON_NAME = AppIcon;
				ASSETCATALOG_COMPILER_GLOBAL_ACCENT_COLOR_NAME = AccentColor;
				CODE_SIGN_STYLE = Automatic;
				DEVELOPMENT_ASSET_PATHS = "\"swiftui-webview-demo/Preview Content\"";
				ENABLE_PREVIEWS = YES;
				INFOPLIST_FILE = "swiftui-webview-demo/Info.plist";
				LD_RUNPATH_SEARCH_PATHS = (
					"$(inherited)",
					"@executable_path/Frameworks",
				);
				PRODUCT_BUNDLE_IDENTIFIER = "com.sokada.swiftui-webview-demo";
				PRODUCT_NAME = "$(TARGET_NAME)";
				SWIFT_VERSION = 5.0;
				TARGETED_DEVICE_FAMILY = "1,2";
			};
			name = Release;
		};
		26AD74F32688393C0097B9B9 /* Debug */ = {
			isa = XCBuildConfiguration;
			buildSettings = {
				ALWAYS_EMBED_SWIFT_STANDARD_LIBRARIES = YES;
				BUNDLE_LOADER = "$(TEST_HOST)";
				CODE_SIGN_STYLE = Automatic;
				INFOPLIST_FILE = "swiftui-webview-demoTests/Info.plist";
				IPHONEOS_DEPLOYMENT_TARGET = 14.5;
				LD_RUNPATH_SEARCH_PATHS = (
					"$(inherited)",
					"@executable_path/Frameworks",
					"@loader_path/Frameworks",
				);
				PRODUCT_BUNDLE_IDENTIFIER = "com.sokada.swiftui-webview-demoTests";
				PRODUCT_NAME = "$(TARGET_NAME)";
				SWIFT_VERSION = 5.0;
				TARGETED_DEVICE_FAMILY = "1,2";
				TEST_HOST = "$(BUILT_PRODUCTS_DIR)/swiftui-webview-demo.app/swiftui-webview-demo";
			};
			name = Debug;
		};
		26AD74F42688393C0097B9B9 /* Release */ = {
			isa = XCBuildConfiguration;
			buildSettings = {
				ALWAYS_EMBED_SWIFT_STANDARD_LIBRARIES = YES;
				BUNDLE_LOADER = "$(TEST_HOST)";
				CODE_SIGN_STYLE = Automatic;
				INFOPLIST_FILE = "swiftui-webview-demoTests/Info.plist";
				IPHONEOS_DEPLOYMENT_TARGET = 14.5;
				LD_RUNPATH_SEARCH_PATHS = (
					"$(inherited)",
					"@executable_path/Frameworks",
					"@loader_path/Frameworks",
				);
				PRODUCT_BUNDLE_IDENTIFIER = "com.sokada.swiftui-webview-demoTests";
				PRODUCT_NAME = "$(TARGET_NAME)";
				SWIFT_VERSION = 5.0;
				TARGETED_DEVICE_FAMILY = "1,2";
				TEST_HOST = "$(BUILT_PRODUCTS_DIR)/swiftui-webview-demo.app/swiftui-webview-demo";
			};
			name = Release;
		};
		26AD74F62688393C0097B9B9 /* Debug */ = {
			isa = XCBuildConfiguration;
			buildSettings = {
				ALWAYS_EMBED_SWIFT_STANDARD_LIBRARIES = YES;
				CODE_SIGN_STYLE = Automatic;
				INFOPLIST_FILE = "swiftui-webview-demoUITests/Info.plist";
				LD_RUNPATH_SEARCH_PATHS = (
					"$(inherited)",
					"@executable_path/Frameworks",
					"@loader_path/Frameworks",
				);
				PRODUCT_BUNDLE_IDENTIFIER = "com.sokada.swiftui-webview-demoUITests";
				PRODUCT_NAME = "$(TARGET_NAME)";
				SWIFT_VERSION = 5.0;
				TARGETED_DEVICE_FAMILY = "1,2";
				TEST_TARGET_NAME = "swiftui-webview-demo";
			};
			name = Debug;
		};
		26AD74F72688393C0097B9B9 /* Release */ = {
			isa = XCBuildConfiguration;
			buildSettings = {
				ALWAYS_EMBED_SWIFT_STANDARD_LIBRARIES = YES;
				CODE_SIGN_STYLE = Automatic;
				INFOPLIST_FILE = "swiftui-webview-demoUITests/Info.plist";
				LD_RUNPATH_SEARCH_PATHS = (
					"$(inherited)",
					"@executable_path/Frameworks",
					"@loader_path/Frameworks",
				);
				PRODUCT_BUNDLE_IDENTIFIER = "com.sokada.swiftui-webview-demoUITests";
				PRODUCT_NAME = "$(TARGET_NAME)";
				SWIFT_VERSION = 5.0;
				TARGETED_DEVICE_FAMILY = "1,2";
				TEST_TARGET_NAME = "swiftui-webview-demo";
			};
			name = Release;
		};
/* End XCBuildConfiguration section */

/* Begin XCConfigurationList section */
		26AD74C0268839390097B9B9 /* Build configuration list for PBXProject "swiftui-webview-demo" */ = {
			isa = XCConfigurationList;
			buildConfigurations = (
				26AD74ED2688393C0097B9B9 /* Debug */,
				26AD74EE2688393C0097B9B9 /* Release */,
			);
			defaultConfigurationIsVisible = 0;
			defaultConfigurationName = Release;
		};
		26AD74EF2688393C0097B9B9 /* Build configuration list for PBXNativeTarget "swiftui-webview-demo" */ = {
			isa = XCConfigurationList;
			buildConfigurations = (
				26AD74F02688393C0097B9B9 /* Debug */,
				26AD74F12688393C0097B9B9 /* Release */,
			);
			defaultConfigurationIsVisible = 0;
			defaultConfigurationName = Release;
		};
		26AD74F22688393C0097B9B9 /* Build configuration list for PBXNativeTarget "swiftui-webview-demoTests" */ = {
			isa = XCConfigurationList;
			buildConfigurations = (
				26AD74F32688393C0097B9B9 /* Debug */,
				26AD74F42688393C0097B9B9 /* Release */,
			);
			defaultConfigurationIsVisible = 0;
			defaultConfigurationName = Release;
		};
		26AD74F52688393C0097B9B9 /* Build configuration list for PBXNativeTarget "swiftui-webview-demoUITests" */ = {
			isa = XCConfigurationList;
			buildConfigurations = (
				26AD74F62688393C0097B9B9 /* Debug */,
				26AD74F72688393C0097B9B9 /* Release */,
			);
			defaultConfigurationIsVisible = 0;
			defaultConfigurationName = Release;
		};
/* End XCConfigurationList section */
	};
	rootObject = 26AD74BD268839390097B9B9 /* Project object */;
}
